// !$*UTF8*$!
{
	archiveVersion = 1;
	classes = {
	};
	objectVersion = 56;
	objects = {

/* Begin PBXBuildFile section */
		2A0F51D52C8BB59F00C6FD35 /* main.c in Sources */ = {isa = PBXBuildFile; fileRef = 2A0F51D42C8BB59F00C6FD35 /* main.c */; };
		2AF30BE12C9509DD004BFD6F /* netpbm.c in Sources */ = {isa = PBXBuildFile; fileRef = 2AF30BE02C9509DD004BFD6F /* netpbm.c */; };
/* End PBXBuildFile section */

/* Begin PBXCopyFilesBuildPhase section */
		2A0F51CF2C8BB59F00C6FD35 /* CopyFiles */ = {
			isa = PBXCopyFilesBuildPhase;
			buildActionMask = 2147483647;
			dstPath = /usr/share/man/man1/;
			dstSubfolderSpec = 0;
			files = (
			);
			runOnlyForDeploymentPostprocessing = 1;
		};
/* End PBXCopyFilesBuildPhase section */

/* Begin PBXFileReference section */
		2A0F51D12C8BB59F00C6FD35 /* testProj */ = {isa = PBXFileReference; explicitFileType = "compiled.mach-o.executable"; includeInIndex = 0; path = testProj; sourceTree = BUILT_PRODUCTS_DIR; };
		2A0F51D42C8BB59F00C6FD35 /* main.c */ = {isa = PBXFileReference; lastKnownFileType = sourcecode.c.c; path = main.c; sourceTree = "<group>"; };
		2A0F51DE2C8BB5EA00C6FD35 /* car.ppm */ = {isa = PBXFileReference; fileEncoding = 4; lastKnownFileType = text; name = car.ppm; path = ../../project1/netpbm/car.ppm; sourceTree = "<group>"; };
		2A0F51DF2C8BB5EA00C6FD35 /* gmail.ppm */ = {isa = PBXFileReference; fileEncoding = 4; lastKnownFileType = text; name = gmail.ppm; path = ../../project1/netpbm/gmail.ppm; sourceTree = "<group>"; };
		2A0F51E02C8BE72F00C6FD35 /* text.pgm */ = {isa = PBXFileReference; fileEncoding = 4; lastKnownFileType = text; name = text.pgm; path = ../../project1/netpbm/text.pgm; sourceTree = "<group>"; };
		2A0F51E12C8BE73000C6FD35 /* sample.ppm */ = {isa = PBXFileReference; fileEncoding = 4; lastKnownFileType = text; name = sample.ppm; path = ../../project1/netpbm/sample.ppm; sourceTree = "<group>"; };
		2A0F51E22C8BE73000C6FD35 /* text_image.ppm */ = {isa = PBXFileReference; lastKnownFileType = file; name = text_image.ppm; path = ../../project1/netpbm/text_image.ppm; sourceTree = "<group>"; };
		2AF30BDF2C9509DD004BFD6F /* netpbm.h */ = {isa = PBXFileReference; fileEncoding = 4; lastKnownFileType = sourcecode.c.h; path = netpbm.h; sourceTree = "<group>"; };
		2AF30BE02C9509DD004BFD6F /* netpbm.c */ = {isa = PBXFileReference; fileEncoding = 4; lastKnownFileType = sourcecode.c.c; path = netpbm.c; sourceTree = "<group>"; };
/* End PBXFileReference section */

/* Begin PBXFrameworksBuildPhase section */
		2A0F51CE2C8BB59F00C6FD35 /* Frameworks */ = {
			isa = PBXFrameworksBuildPhase;
			buildActionMask = 2147483647;
			files = (
			);
			runOnlyForDeploymentPostprocessing = 0;
		};
/* End PBXFrameworksBuildPhase section */

/* Begin PBXGroup section */
		2A0F51C82C8BB59F00C6FD35 = {
			isa = PBXGroup;
			children = (
				2A0F51D32C8BB59F00C6FD35 /* testProj */,
				2A0F51D22C8BB59F00C6FD35 /* Products */,
			);
			sourceTree = "<group>";
		};
		2A0F51D22C8BB59F00C6FD35 /* Products */ = {
			isa = PBXGroup;
			children = (
				2A0F51D12C8BB59F00C6FD35 /* testProj */,
			);
			name = Products;
			sourceTree = "<group>";
		};
		2A0F51D32C8BB59F00C6FD35 /* testProj */ = {
			isa = PBXGroup;
			children = (
				2A0F51E12C8BE73000C6FD35 /* sample.ppm */,
				2A0F51E22C8BE73000C6FD35 /* text_image.ppm */,
				2A0F51E02C8BE72F00C6FD35 /* text.pgm */,
				2A0F51DE2C8BB5EA00C6FD35 /* car.ppm */,
				2A0F51DF2C8BB5EA00C6FD35 /* gmail.ppm */,
				2A0F51D42C8BB59F00C6FD35 /* main.c */,
				2AF30BE02C9509DD004BFD6F /* netpbm.c */,
				2AF30BDF2C9509DD004BFD6F /* netpbm.h */,
			);
			path = testProj;
			sourceTree = "<group>";
		};
/* End PBXGroup section */

/* Begin PBXNativeTarget section */
		2A0F51D02C8BB59F00C6FD35 /* testProj */ = {
			isa = PBXNativeTarget;
			buildConfigurationList = 2A0F51D82C8BB59F00C6FD35 /* Build configuration list for PBXNativeTarget "testProj" */;
			buildPhases = (
				2A0F51CD2C8BB59F00C6FD35 /* Sources */,
				2A0F51CE2C8BB59F00C6FD35 /* Frameworks */,
				2A0F51CF2C8BB59F00C6FD35 /* CopyFiles */,
			);
			buildRules = (
			);
			dependencies = (
			);
			name = testProj;
			productName = testProj;
			productReference = 2A0F51D12C8BB59F00C6FD35 /* testProj */;
			productType = "com.apple.product-type.tool";
		};
/* End PBXNativeTarget section */

/* Begin PBXProject section */
		2A0F51C92C8BB59F00C6FD35 /* Project object */ = {
			isa = PBXProject;
			attributes = {
				BuildIndependentTargetsInParallel = 1;
				LastUpgradeCheck = 1540;
				TargetAttributes = {
					2A0F51D02C8BB59F00C6FD35 = {
						CreatedOnToolsVersion = 15.4;
					};
				};
			};
			buildConfigurationList = 2A0F51CC2C8BB59F00C6FD35 /* Build configuration list for PBXProject "testProj" */;
			compatibilityVersion = "Xcode 14.0";
			developmentRegion = en;
			hasScannedForEncodings = 0;
			knownRegions = (
				en,
				Base,
			);
			mainGroup = 2A0F51C82C8BB59F00C6FD35;
			productRefGroup = 2A0F51D22C8BB59F00C6FD35 /* Products */;
			projectDirPath = "";
			projectRoot = "";
			targets = (
				2A0F51D02C8BB59F00C6FD35 /* testProj */,
			);
		};
/* End PBXProject section */

/* Begin PBXSourcesBuildPhase section */
		2A0F51CD2C8BB59F00C6FD35 /* Sources */ = {
			isa = PBXSourcesBuildPhase;
			buildActionMask = 2147483647;
			files = (
				2A0F51D52C8BB59F00C6FD35 /* main.c in Sources */,
				2AF30BE12C9509DD004BFD6F /* netpbm.c in Sources */,
			);
			runOnlyForDeploymentPostprocessing = 0;
		};
/* End PBXSourcesBuildPhase section */

/* Begin XCBuildConfiguration section */
		2A0F51D62C8BB59F00C6FD35 /* Debug */ = {
			isa = XCBuildConfiguration;
			buildSettings = {
				ALWAYS_SEARCH_USER_PATHS = NO;
				ASSETCATALOG_COMPILER_GENERATE_SWIFT_ASSET_SYMBOL_EXTENSIONS = YES;
				CLANG_ANALYZER_NONNULL = YES;
				CLANG_ANALYZER_NUMBER_OBJECT_CONVERSION = YES_AGGRESSIVE;
				CLANG_CXX_LANGUAGE_STANDARD = "gnu++20";
				CLANG_ENABLE_MODULES = YES;
				CLANG_ENABLE_OBJC_ARC = YES;
				CLANG_ENABLE_OBJC_WEAK = YES;
				CLANG_WARN_BLOCK_CAPTURE_AUTORELEASING = YES;
				CLANG_WARN_BOOL_CONVERSION = YES;
				CLANG_WARN_COMMA = YES;
				CLANG_WARN_CONSTANT_CONVERSION = YES;
				CLANG_WARN_DEPRECATED_OBJC_IMPLEMENTATIONS = YES;
				CLANG_WARN_DIRECT_OBJC_ISA_USAGE = YES_ERROR;
				CLANG_WARN_DOCUMENTATION_COMMENTS = YES;
				CLANG_WARN_EMPTY_BODY = YES;
				CLANG_WARN_ENUM_CONVERSION = YES;
				CLANG_WARN_INFINITE_RECURSION = YES;
				CLANG_WARN_INT_CONVERSION = YES;
				CLANG_WARN_NON_LITERAL_NULL_CONVERSION = YES;
				CLANG_WARN_OBJC_IMPLICIT_RETAIN_SELF = YES;
				CLANG_WARN_OBJC_LITERAL_CONVERSION = YES;
				CLANG_WARN_OBJC_ROOT_CLASS = YES_ERROR;
				CLANG_WARN_QUOTED_INCLUDE_IN_FRAMEWORK_HEADER = YES;
				CLANG_WARN_RANGE_LOOP_ANALYSIS = YES;
				CLANG_WARN_STRICT_PROTOTYPES = YES;
				CLANG_WARN_SUSPICIOUS_MOVE = YES;
				CLANG_WARN_UNGUARDED_AVAILABILITY = YES_AGGRESSIVE;
				CLANG_WARN_UNREACHABLE_CODE = YES;
				CLANG_WARN__DUPLICATE_METHOD_MATCH = YES;
				COPY_PHASE_STRIP = NO;
				DEBUG_INFORMATION_FORMAT = dwarf;
				ENABLE_STRICT_OBJC_MSGSEND = YES;
				ENABLE_TESTABILITY = YES;
				ENABLE_USER_SCRIPT_SANDBOXING = YES;
				GCC_C_LANGUAGE_STANDARD = gnu17;
				GCC_DYNAMIC_NO_PIC = NO;
				GCC_NO_COMMON_BLOCKS = YES;
				GCC_OPTIMIZATION_LEVEL = 0;
				GCC_PREPROCESSOR_DEFINITIONS = (
					"DEBUG=1",
					"$(inherited)",
				);
				GCC_WARN_64_TO_32_BIT_CONVERSION = YES;
				GCC_WARN_ABOUT_RETURN_TYPE = YES_ERROR;
				GCC_WARN_UNDECLARED_SELECTOR = YES;
				GCC_WARN_UNINITIALIZED_AUTOS = YES_AGGRESSIVE;
				GCC_WARN_UNUSED_FUNCTION = YES;
				GCC_WARN_UNUSED_VARIABLE = YES;
				LOCALIZATION_PREFERS_STRING_CATALOGS = YES;
				MACOSX_DEPLOYMENT_TARGET = 14.5;
				MTL_ENABLE_DEBUG_INFO = INCLUDE_SOURCE;
				MTL_FAST_MATH = YES;
				ONLY_ACTIVE_ARCH = YES;
				SDKROOT = macosx;
			};
			name = Debug;
		};
		2A0F51D72C8BB59F00C6FD35 /* Release */ = {
			isa = XCBuildConfiguration;
			buildSettings = {
				ALWAYS_SEARCH_USER_PATHS = NO;
				ASSETCATALOG_COMPILER_GENERATE_SWIFT_ASSET_SYMBOL_EXTENSIONS = YES;
				CLANG_ANALYZER_NONNULL = YES;
				CLANG_ANALYZER_NUMBER_OBJECT_CONVERSION = YES_AGGRESSIVE;
				CLANG_CXX_LANGUAGE_STANDARD = "gnu++20";
				CLANG_ENABLE_MODULES = YES;
				CLANG_ENABLE_OBJC_ARC = YES;
				CLANG_ENABLE_OBJC_WEAK = YES;
				CLANG_WARN_BLOCK_CAPTURE_AUTORELEASING = YES;
				CLANG_WARN_BOOL_CONVERSION = YES;
				CLANG_WARN_COMMA = YES;
				CLANG_WARN_CONSTANT_CONVERSION = YES;
				CLANG_WARN_DEPRECATED_OBJC_IMPLEMENTATIONS = YES;
				CLANG_WARN_DIRECT_OBJC_ISA_USAGE = YES_ERROR;
				CLANG_WARN_DOCUMENTATION_COMMENTS = YES;
				CLANG_WARN_EMPTY_BODY = YES;
				CLANG_WARN_ENUM_CONVERSION = YES;
				CLANG_WARN_INFINITE_RECURSION = YES;
				CLANG_WARN_INT_CONVERSION = YES;
				CLANG_WARN_NON_LITERAL_NULL_CONVERSION = YES;
				CLANG_WARN_OBJC_IMPLICIT_RETAIN_SELF = YES;
				CLANG_WARN_OBJC_LITERAL_CONVERSION = YES;
				CLANG_WARN_OBJC_ROOT_CLASS = YES_ERROR;
				CLANG_WARN_QUOTED_INCLUDE_IN_FRAMEWORK_HEADER = YES;
				CLANG_WARN_RANGE_LOOP_ANALYSIS = YES;
				CLANG_WARN_STRICT_PROTOTYPES = YES;
				CLANG_WARN_SUSPICIOUS_MOVE = YES;
				CLANG_WARN_UNGUARDED_AVAILABILITY = YES_AGGRESSIVE;
				CLANG_WARN_UNREACHABLE_CODE = YES;
				CLANG_WARN__DUPLICATE_METHOD_MATCH = YES;
				COPY_PHASE_STRIP = NO;
				DEBUG_INFORMATION_FORMAT = "dwarf-with-dsym";
				ENABLE_NS_ASSERTIONS = NO;
				ENABLE_STRICT_OBJC_MSGSEND = YES;
				ENABLE_USER_SCRIPT_SANDBOXING = YES;
				GCC_C_LANGUAGE_STANDARD = gnu17;
				GCC_NO_COMMON_BLOCKS = YES;
				GCC_WARN_64_TO_32_BIT_CONVERSION = YES;
				GCC_WARN_ABOUT_RETURN_TYPE = YES_ERROR;
				GCC_WARN_UNDECLARED_SELECTOR = YES;
				GCC_WARN_UNINITIALIZED_AUTOS = YES_AGGRESSIVE;
				GCC_WARN_UNUSED_FUNCTION = YES;
				GCC_WARN_UNUSED_VARIABLE = YES;
				LOCALIZATION_PREFERS_STRING_CATALOGS = YES;
				MACOSX_DEPLOYMENT_TARGET = 14.5;
				MTL_ENABLE_DEBUG_INFO = NO;
				MTL_FAST_MATH = YES;
				SDKROOT = macosx;
			};
			name = Release;
		};
		2A0F51D92C8BB59F00C6FD35 /* Debug */ = {
			isa = XCBuildConfiguration;
			buildSettings = {
				CODE_SIGN_STYLE = Automatic;
				PRODUCT_NAME = "$(TARGET_NAME)";
			};
			name = Debug;
		};
		2A0F51DA2C8BB59F00C6FD35 /* Release */ = {
			isa = XCBuildConfiguration;
			buildSettings = {
				CODE_SIGN_STYLE = Automatic;
				PRODUCT_NAME = "$(TARGET_NAME)";
			};
			name = Release;
		};
/* End XCBuildConfiguration section */

/* Begin XCConfigurationList section */
		2A0F51CC2C8BB59F00C6FD35 /* Build configuration list for PBXProject "testProj" */ = {
			isa = XCConfigurationList;
			buildConfigurations = (
				2A0F51D62C8BB59F00C6FD35 /* Debug */,
				2A0F51D72C8BB59F00C6FD35 /* Release */,
			);
			defaultConfigurationIsVisible = 0;
			defaultConfigurationName = Release;
		};
		2A0F51D82C8BB59F00C6FD35 /* Build configuration list for PBXNativeTarget "testProj" */ = {
			isa = XCConfigurationList;
			buildConfigurations = (
				2A0F51D92C8BB59F00C6FD35 /* Debug */,
				2A0F51DA2C8BB59F00C6FD35 /* Release */,
			);
			defaultConfigurationIsVisible = 0;
			defaultConfigurationName = Release;
		};
/* End XCConfigurationList section */
	};
	rootObject = 2A0F51C92C8BB59F00C6FD35 /* Project object */;
}
